
Microsoft Visual Studio Solution File, Format Version 12.00
# Visual Studio 15
VisualStudioVersion = 15.0.28307.489
MinimumVisualStudioVersion = 10.0.40219.1
Project("{FAE04EC0-301F-11D3-BF4B-00C04F79EFBC}") = "LendingLibrary", "LendingLibrary\LendingLibrary.csproj", "{3648BE7A-CBBE-40BB-BDA7-5E115EB564BD}"
EndProject
Project("{FAE04EC0-301F-11D3-BF4B-00C04F79EFBC}") = "XUnitTestProject", "XUnitTestProject\XUnitTestProject.csproj", "{93D414AB-002F-468D-A530-FDC501CFE22A}"
EndProject
Global
	GlobalSection(SolutionConfigurationPlatforms) = preSolution
		Debug|Any CPU = Debug|Any CPU
		Release|Any CPU = Release|Any CPU
	EndGlobalSection
	GlobalSection(ProjectConfigurationPlatforms) = postSolution
		{3648BE7A-CBBE-40BB-BDA7-5E115EB564BD}.Debug|Any CPU.ActiveCfg = Debug|Any CPU
		{3648BE7A-CBBE-40BB-BDA7-5E115EB564BD}.Debug|Any CPU.Build.0 = Debug|Any CPU
		{3648BE7A-CBBE-40BB-BDA7-5E115EB564BD}.Release|Any CPU.ActiveCfg = Release|Any CPU
		{3648BE7A-CBBE-40BB-BDA7-5E115EB564BD}.Release|Any CPU.Build.0 = Release|Any CPU
		{93D414AB-002F-468D-A530-FDC501CFE22A}.Debug|Any CPU.ActiveCfg = Debug|Any CPU
		{93D414AB-002F-468D-A530-FDC501CFE22A}.Debug|Any CPU.Build.0 = Debug|Any CPU
		{93D414AB-002F-468D-A530-FDC501CFE22A}.Release|Any CPU.ActiveCfg = Release|Any CPU
		{93D414AB-002F-468D-A530-FDC501CFE22A}.Release|Any CPU.Build.0 = Release|Any CPU
	EndGlobalSection
	GlobalSection(SolutionProperties) = preSolution
		HideSolutionNode = FALSE
	EndGlobalSection
	GlobalSection(ExtensibilityGlobals) = postSolution
		SolutionGuid = {A2F8A385-2DE5-41EA-B39D-46EB6C1F719C}
	EndGlobalSection
EndGlobal
